// !$*UTF8*$!
{
	archiveVersion = 1;
	classes = {
	};
	objectVersion = 46;
	objects = {

/* Begin PBXBuildFile section */
		572179CF1C8B2FCE00406ED1 /* AppDelegate.swift in Sources */ = {isa = PBXBuildFile; fileRef = 572179CE1C8B2FCE00406ED1 /* AppDelegate.swift */; };
		572179D11C8B2FCE00406ED1 /* MasterViewController.swift in Sources */ = {isa = PBXBuildFile; fileRef = 572179D01C8B2FCE00406ED1 /* MasterViewController.swift */; };
		572179D31C8B2FCE00406ED1 /* DetailViewController.swift in Sources */ = {isa = PBXBuildFile; fileRef = 572179D21C8B2FCE00406ED1 /* DetailViewController.swift */; };
		572179D61C8B2FCE00406ED1 /* Main.storyboard in Resources */ = {isa = PBXBuildFile; fileRef = 572179D41C8B2FCE00406ED1 /* Main.storyboard */; };
		572179D81C8B2FCE00406ED1 /* Assets.xcassets in Resources */ = {isa = PBXBuildFile; fileRef = 572179D71C8B2FCE00406ED1 /* Assets.xcassets */; };
		572179DB1C8B2FCE00406ED1 /* LaunchScreen.storyboard in Resources */ = {isa = PBXBuildFile; fileRef = 572179D91C8B2FCE00406ED1 /* LaunchScreen.storyboard */; };
		572179E61C8B2FCF00406ED1 /* TableViewDisplayableSampleTests.swift in Sources */ = {isa = PBXBuildFile; fileRef = 572179E51C8B2FCF00406ED1 /* TableViewDisplayableSampleTests.swift */; };
		572179F11C8B2FCF00406ED1 /* TableViewDisplayableSampleUITests.swift in Sources */ = {isa = PBXBuildFile; fileRef = 572179F01C8B2FCF00406ED1 /* TableViewDisplayableSampleUITests.swift */; };
/* End PBXBuildFile section */

/* Begin PBXContainerItemProxy section */
		572179E21C8B2FCF00406ED1 /* PBXContainerItemProxy */ = {
			isa = PBXContainerItemProxy;
			containerPortal = 572179C31C8B2FCE00406ED1 /* Project object */;
			proxyType = 1;
			remoteGlobalIDString = 572179CA1C8B2FCE00406ED1;
			remoteInfo = TableViewDisplayableSample;
		};
		572179ED1C8B2FCF00406ED1 /* PBXContainerItemProxy */ = {
			isa = PBXContainerItemProxy;
			containerPortal = 572179C31C8B2FCE00406ED1 /* Project object */;
			proxyType = 1;
			remoteGlobalIDString = 572179CA1C8B2FCE00406ED1;
			remoteInfo = TableViewDisplayableSample;
		};
/* End PBXContainerItemProxy section */

/* Begin PBXFileReference section */
		572179CB1C8B2FCE00406ED1 /* TableViewDisplayableSample.app */ = {isa = PBXFileReference; explicitFileType = wrapper.application; includeInIndex = 0; path = TableViewDisplayableSample.app; sourceTree = BUILT_PRODUCTS_DIR; };
		572179CE1C8B2FCE00406ED1 /* AppDelegate.swift */ = {isa = PBXFileReference; lastKnownFileType = sourcecode.swift; path = AppDelegate.swift; sourceTree = "<group>"; };
		572179D01C8B2FCE00406ED1 /* MasterViewController.swift */ = {isa = PBXFileReference; lastKnownFileType = sourcecode.swift; path = MasterViewController.swift; sourceTree = "<group>"; };
		572179D21C8B2FCE00406ED1 /* DetailViewController.swift */ = {isa = PBXFileReference; lastKnownFileType = sourcecode.swift; path = DetailViewController.swift; sourceTree = "<group>"; };
		572179D51C8B2FCE00406ED1 /* Base */ = {isa = PBXFileReference; lastKnownFileType = file.storyboard; name = Base; path = Base.lproj/Main.storyboard; sourceTree = "<group>"; };
		572179D71C8B2FCE00406ED1 /* Assets.xcassets */ = {isa = PBXFileReference; lastKnownFileType = folder.assetcatalog; path = Assets.xcassets; sourceTree = "<group>"; };
		572179DA1C8B2FCE00406ED1 /* Base */ = {isa = PBXFileReference; lastKnownFileType = file.storyboard; name = Base; path = Base.lproj/LaunchScreen.storyboard; sourceTree = "<group>"; };
		572179DC1C8B2FCE00406ED1 /* Info.plist */ = {isa = PBXFileReference; lastKnownFileType = text.plist.xml; path = Info.plist; sourceTree = "<group>"; };
		572179E11C8B2FCF00406ED1 /* TableViewDisplayableSampleTests.xctest */ = {isa = PBXFileReference; explicitFileType = wrapper.cfbundle; includeInIndex = 0; path = TableViewDisplayableSampleTests.xctest; sourceTree = BUILT_PRODUCTS_DIR; };
		572179E51C8B2FCF00406ED1 /* TableViewDisplayableSampleTests.swift */ = {isa = PBXFileReference; lastKnownFileType = sourcecode.swift; path = TableViewDisplayableSampleTests.swift; sourceTree = "<group>"; };
		572179E71C8B2FCF00406ED1 /* Info.plist */ = {isa = PBXFileReference; lastKnownFileType = text.plist.xml; path = Info.plist; sourceTree = "<group>"; };
		572179EC1C8B2FCF00406ED1 /* TableViewDisplayableSampleUITests.xctest */ = {isa = PBXFileReference; explicitFileType = wrapper.cfbundle; includeInIndex = 0; path = TableViewDisplayableSampleUITests.xctest; sourceTree = BUILT_PRODUCTS_DIR; };
		572179F01C8B2FCF00406ED1 /* TableViewDisplayableSampleUITests.swift */ = {isa = PBXFileReference; lastKnownFileType = sourcecode.swift; path = TableViewDisplayableSampleUITests.swift; sourceTree = "<group>"; };
		572179F21C8B2FCF00406ED1 /* Info.plist */ = {isa = PBXFileReference; lastKnownFileType = text.plist.xml; path = Info.plist; sourceTree = "<group>"; };
/* End PBXFileReference section */

/* Begin PBXFrameworksBuildPhase section */
		572179C81C8B2FCE00406ED1 /* Frameworks */ = {
			isa = PBXFrameworksBuildPhase;
			buildActionMask = 2147483647;
			files = (
			);
			runOnlyForDeploymentPostprocessing = 0;
		};
		572179DE1C8B2FCF00406ED1 /* Frameworks */ = {
			isa = PBXFrameworksBuildPhase;
			buildActionMask = 2147483647;
			files = (
			);
			runOnlyForDeploymentPostprocessing = 0;
		};
		572179E91C8B2FCF00406ED1 /* Frameworks */ = {
			isa = PBXFrameworksBuildPhase;
			buildActionMask = 2147483647;
			files = (
			);
			runOnlyForDeploymentPostprocessing = 0;
		};
/* End PBXFrameworksBuildPhase section */

/* Begin PBXGroup section */
		572179C21C8B2FCE00406ED1 = {
			isa = PBXGroup;
			children = (
				572179CD1C8B2FCE00406ED1 /* TableViewDisplayableSample */,
				572179E41C8B2FCF00406ED1 /* TableViewDisplayableSampleTests */,
				572179EF1C8B2FCF00406ED1 /* TableViewDisplayableSampleUITests */,
				572179CC1C8B2FCE00406ED1 /* Products */,
			);
			sourceTree = "<group>";
		};
		572179CC1C8B2FCE00406ED1 /* Products */ = {
			isa = PBXGroup;
			children = (
				572179CB1C8B2FCE00406ED1 /* TableViewDisplayableSample.app */,
				572179E11C8B2FCF00406ED1 /* TableViewDisplayableSampleTests.xctest */,
				572179EC1C8B2FCF00406ED1 /* TableViewDisplayableSampleUITests.xctest */,
			);
			name = Products;
			sourceTree = "<group>";
		};
		572179CD1C8B2FCE00406ED1 /* TableViewDisplayableSample */ = {
			isa = PBXGroup;
			children = (
				572179CE1C8B2FCE00406ED1 /* AppDelegate.swift */,
				572179D01C8B2FCE00406ED1 /* MasterViewController.swift */,
				572179D21C8B2FCE00406ED1 /* DetailViewController.swift */,
				572179D41C8B2FCE00406ED1 /* Main.storyboard */,
				572179D71C8B2FCE00406ED1 /* Assets.xcassets */,
				572179D91C8B2FCE00406ED1 /* LaunchScreen.storyboard */,
				572179DC1C8B2FCE00406ED1 /* Info.plist */,
			);
			path = TableViewDisplayableSample;
			sourceTree = "<group>";
		};
		572179E41C8B2FCF00406ED1 /* TableViewDisplayableSampleTests */ = {
			isa = PBXGroup;
			children = (
				572179E51C8B2FCF00406ED1 /* TableViewDisplayableSampleTests.swift */,
				572179E71C8B2FCF00406ED1 /* Info.plist */,
			);
			path = TableViewDisplayableSampleTests;
			sourceTree = "<group>";
		};
		572179EF1C8B2FCF00406ED1 /* TableViewDisplayableSampleUITests */ = {
			isa = PBXGroup;
			children = (
				572179F01C8B2FCF00406ED1 /* TableViewDisplayableSampleUITests.swift */,
				572179F21C8B2FCF00406ED1 /* Info.plist */,
			);
			path = TableViewDisplayableSampleUITests;
			sourceTree = "<group>";
		};
/* End PBXGroup section */

/* Begin PBXNativeTarget section */
		572179CA1C8B2FCE00406ED1 /* TableViewDisplayableSample */ = {
			isa = PBXNativeTarget;
			buildConfigurationList = 572179F51C8B2FCF00406ED1 /* Build configuration list for PBXNativeTarget "TableViewDisplayableSample" */;
			buildPhases = (
				572179C71C8B2FCE00406ED1 /* Sources */,
				572179C81C8B2FCE00406ED1 /* Frameworks */,
				572179C91C8B2FCE00406ED1 /* Resources */,
			);
			buildRules = (
			);
			dependencies = (
			);
			name = TableViewDisplayableSample;
			productName = TableViewDisplayableSample;
			productReference = 572179CB1C8B2FCE00406ED1 /* TableViewDisplayableSample.app */;
			productType = "com.apple.product-type.application";
		};
		572179E01C8B2FCF00406ED1 /* TableViewDisplayableSampleTests */ = {
			isa = PBXNativeTarget;
			buildConfigurationList = 572179F81C8B2FCF00406ED1 /* Build configuration list for PBXNativeTarget "TableViewDisplayableSampleTests" */;
			buildPhases = (
				572179DD1C8B2FCF00406ED1 /* Sources */,
				572179DE1C8B2FCF00406ED1 /* Frameworks */,
				572179DF1C8B2FCF00406ED1 /* Resources */,
			);
			buildRules = (
			);
			dependencies = (
				572179E31C8B2FCF00406ED1 /* PBXTargetDependency */,
			);
			name = TableViewDisplayableSampleTests;
			productName = TableViewDisplayableSampleTests;
			productReference = 572179E11C8B2FCF00406ED1 /* TableViewDisplayableSampleTests.xctest */;
			productType = "com.apple.product-type.bundle.unit-test";
		};
		572179EB1C8B2FCF00406ED1 /* TableViewDisplayableSampleUITests */ = {
			isa = PBXNativeTarget;
			buildConfigurationList = 572179FB1C8B2FCF00406ED1 /* Build configuration list for PBXNativeTarget "TableViewDisplayableSampleUITests" */;
			buildPhases = (
				572179E81C8B2FCF00406ED1 /* Sources */,
				572179E91C8B2FCF00406ED1 /* Frameworks */,
				572179EA1C8B2FCF00406ED1 /* Resources */,
			);
			buildRules = (
			);
			dependencies = (
				572179EE1C8B2FCF00406ED1 /* PBXTargetDependency */,
			);
			name = TableViewDisplayableSampleUITests;
			productName = TableViewDisplayableSampleUITests;
			productReference = 572179EC1C8B2FCF00406ED1 /* TableViewDisplayableSampleUITests.xctest */;
			productType = "com.apple.product-type.bundle.ui-testing";
		};
/* End PBXNativeTarget section */

/* Begin PBXProject section */
		572179C31C8B2FCE00406ED1 /* Project object */ = {
			isa = PBXProject;
			attributes = {
				LastSwiftUpdateCheck = 0720;
				LastUpgradeCheck = 0720;
				ORGANIZATIONNAME = "Victor Hudson";
				TargetAttributes = {
					572179CA1C8B2FCE00406ED1 = {
						CreatedOnToolsVersion = 7.2.1;
					};
					572179E01C8B2FCF00406ED1 = {
						CreatedOnToolsVersion = 7.2.1;
						TestTargetID = 572179CA1C8B2FCE00406ED1;
					};
					572179EB1C8B2FCF00406ED1 = {
						CreatedOnToolsVersion = 7.2.1;
						TestTargetID = 572179CA1C8B2FCE00406ED1;
					};
				};
			};
			buildConfigurationList = 572179C61C8B2FCE00406ED1 /* Build configuration list for PBXProject "TableViewDisplayableSample" */;
			compatibilityVersion = "Xcode 3.2";
			developmentRegion = English;
			hasScannedForEncodings = 0;
			knownRegions = (
				en,
				Base,
			);
			mainGroup = 572179C21C8B2FCE00406ED1;
			productRefGroup = 572179CC1C8B2FCE00406ED1 /* Products */;
			projectDirPath = "";
			projectRoot = "";
			targets = (
				572179CA1C8B2FCE00406ED1 /* TableViewDisplayableSample */,
				572179E01C8B2FCF00406ED1 /* TableViewDisplayableSampleTests */,
				572179EB1C8B2FCF00406ED1 /* TableViewDisplayableSampleUITests */,
			);
		};
/* End PBXProject section */

/* Begin PBXResourcesBuildPhase section */
		572179C91C8B2FCE00406ED1 /* Resources */ = {
			isa = PBXResourcesBuildPhase;
			buildActionMask = 2147483647;
			files = (
				572179DB1C8B2FCE00406ED1 /* LaunchScreen.storyboard in Resources */,
				572179D81C8B2FCE00406ED1 /* Assets.xcassets in Resources */,
				572179D61C8B2FCE00406ED1 /* Main.storyboard in Resources */,
			);
			runOnlyForDeploymentPostprocessing = 0;
		};
		572179DF1C8B2FCF00406ED1 /* Resources */ = {
			isa = PBXResourcesBuildPhase;
			buildActionMask = 2147483647;
			files = (
			);
			runOnlyForDeploymentPostprocessing = 0;
		};
		572179EA1C8B2FCF00406ED1 /* Resources */ = {
			isa = PBXResourcesBuildPhase;
			buildActionMask = 2147483647;
			files = (
			);
			runOnlyForDeploymentPostprocessing = 0;
		};
/* End PBXResourcesBuildPhase section */

/* Begin PBXSourcesBuildPhase section */
		572179C71C8B2FCE00406ED1 /* Sources */ = {
			isa = PBXSourcesBuildPhase;
			buildActionMask = 2147483647;
			files = (
				572179D31C8B2FCE00406ED1 /* DetailViewController.swift in Sources */,
				572179D11C8B2FCE00406ED1 /* MasterViewController.swift in Sources */,
				572179CF1C8B2FCE00406ED1 /* AppDelegate.swift in Sources */,
			);
			runOnlyForDeploymentPostprocessing = 0;
		};
		572179DD1C8B2FCF00406ED1 /* Sources */ = {
			isa = PBXSourcesBuildPhase;
			buildActionMask = 2147483647;
			files = (
				572179E61C8B2FCF00406ED1 /* TableViewDisplayableSampleTests.swift in Sources */,
			);
			runOnlyForDeploymentPostprocessing = 0;
		};
		572179E81C8B2FCF00406ED1 /* Sources */ = {
			isa = PBXSourcesBuildPhase;
			buildActionMask = 2147483647;
			files = (
				572179F11C8B2FCF00406ED1 /* TableViewDisplayableSampleUITests.swift in Sources */,
			);
			runOnlyForDeploymentPostprocessing = 0;
		};
/* End PBXSourcesBuildPhase section */

/* Begin PBXTargetDependency section */
		572179E31C8B2FCF00406ED1 /* PBXTargetDependency */ = {
			isa = PBXTargetDependency;
			target = 572179CA1C8B2FCE00406ED1 /* TableViewDisplayableSample */;
			targetProxy = 572179E21C8B2FCF00406ED1 /* PBXContainerItemProxy */;
		};
		572179EE1C8B2FCF00406ED1 /* PBXTargetDependency */ = {
			isa = PBXTargetDependency;
			target = 572179CA1C8B2FCE00406ED1 /* TableViewDisplayableSample */;
			targetProxy = 572179ED1C8B2FCF00406ED1 /* PBXContainerItemProxy */;
		};
/* End PBXTargetDependency section */

/* Begin PBXVariantGroup section */
		572179D41C8B2FCE00406ED1 /* Main.storyboard */ = {
			isa = PBXVariantGroup;
			children = (
				572179D51C8B2FCE00406ED1 /* Base */,
			);
			name = Main.storyboard;
			sourceTree = "<group>";
		};
		572179D91C8B2FCE00406ED1 /* LaunchScreen.storyboard */ = {
			isa = PBXVariantGroup;
			children = (
				572179DA1C8B2FCE00406ED1 /* Base */,
			);
			name = LaunchScreen.storyboard;
			sourceTree = "<group>";
		};
/* End PBXVariantGroup section */

/* Begin XCBuildConfiguration section */
		572179F31C8B2FCF00406ED1 /* Debug */ = {
			isa = XCBuildConfiguration;
			buildSettings = {
				ALWAYS_SEARCH_USER_PATHS = NO;
				CLANG_CXX_LANGUAGE_STANDARD = "gnu++0x";
				CLANG_CXX_LIBRARY = "libc++";
				CLANG_ENABLE_MODULES = YES;
				CLANG_ENABLE_OBJC_ARC = YES;
				CLANG_WARN_BOOL_CONVERSION = YES;
				CLANG_WARN_CONSTANT_CONVERSION = YES;
				CLANG_WARN_DIRECT_OBJC_ISA_USAGE = YES_ERROR;
				CLANG_WARN_EMPTY_BODY = YES;
				CLANG_WARN_ENUM_CONVERSION = YES;
				CLANG_WARN_INT_CONVERSION = YES;
				CLANG_WARN_OBJC_ROOT_CLASS = YES_ERROR;
				CLANG_WARN_UNREACHABLE_CODE = YES;
				CLANG_WARN__DUPLICATE_METHOD_MATCH = YES;
				"CODE_SIGN_IDENTITY[sdk=iphoneos*]" = "iPhone Developer";
				COPY_PHASE_STRIP = NO;
				DEBUG_INFORMATION_FORMAT = dwarf;
				ENABLE_STRICT_OBJC_MSGSEND = YES;
				ENABLE_TESTABILITY = YES;
				GCC_C_LANGUAGE_STANDARD = gnu99;
				GCC_DYNAMIC_NO_PIC = NO;
				GCC_NO_COMMON_BLOCKS = YES;
				GCC_OPTIMIZATION_LEVEL = 0;
				GCC_PREPROCESSOR_DEFINITIONS = (
					"DEBUG=1",
					"$(inherited)",
				);
				GCC_WARN_64_TO_32_BIT_CONVERSION = YES;
				GCC_WARN_ABOUT_RETURN_TYPE = YES_ERROR;
				GCC_WARN_UNDECLARED_SELECTOR = YES;
				GCC_WARN_UNINITIALIZED_AUTOS = YES_AGGRESSIVE;
				GCC_WARN_UNUSED_FUNCTION = YES;
				GCC_WARN_UNUSED_VARIABLE = YES;
				IPHONEOS_DEPLOYMENT_TARGET = 9.2;
				MTL_ENABLE_DEBUG_INFO = YES;
				ONLY_ACTIVE_ARCH = YES;
				SDKROOT = iphoneos;
				SWIFT_OPTIMIZATION_LEVEL = "-Onone";
			};
			name = Debug;
		};
		572179F41C8B2FCF00406ED1 /* Release */ = {
			isa = XCBuildConfiguration;
			buildSettings = {
				ALWAYS_SEARCH_USER_PATHS = NO;
				CLANG_CXX_LANGUAGE_STANDARD = "gnu++0x";
				CLANG_CXX_LIBRARY = "libc++";
				CLANG_ENABLE_MODULES = YES;
				CLANG_ENABLE_OBJC_ARC = YES;
				CLANG_WARN_BOOL_CONVERSION = YES;
				CLANG_WARN_CONSTANT_CONVERSION = YES;
				CLANG_WARN_DIRECT_OBJC_ISA_USAGE = YES_ERROR;
				CLANG_WARN_EMPTY_BODY = YES;
				CLANG_WARN_ENUM_CONVERSION = YES;
				CLANG_WARN_INT_CONVERSION = YES;
				CLANG_WARN_OBJC_ROOT_CLASS = YES_ERROR;
				CLANG_WARN_UNREACHABLE_CODE = YES;
				CLANG_WARN__DUPLICATE_METHOD_MATCH = YES;
				"CODE_SIGN_IDENTITY[sdk=iphoneos*]" = "iPhone Developer";
				COPY_PHASE_STRIP = NO;
				DEBUG_INFORMATION_FORMAT = "dwarf-with-dsym";
				ENABLE_NS_ASSERTIONS = NO;
				ENABLE_STRICT_OBJC_MSGSEND = YES;
				GCC_C_LANGUAGE_STANDARD = gnu99;
				GCC_NO_COMMON_BLOCKS = YES;
				GCC_WARN_64_TO_32_BIT_CONVERSION = YES;
				GCC_WARN_ABOUT_RETURN_TYPE = YES_ERROR;
				GCC_WARN_UNDECLARED_SELECTOR = YES;
				GCC_WARN_UNINITIALIZED_AUTOS = YES_AGGRESSIVE;
				GCC_WARN_UNUSED_FUNCTION = YES;
				GCC_WARN_UNUSED_VARIABLE = YES;
				IPHONEOS_DEPLOYMENT_TARGET = 9.2;
				MTL_ENABLE_DEBUG_INFO = NO;
				SDKROOT = iphoneos;
				VALIDATE_PRODUCT = YES;
			};
			name = Release;
		};
		572179F61C8B2FCF00406ED1 /* Debug */ = {
			isa = XCBuildConfiguration;
			buildSettings = {
				ASSETCATALOG_COMPILER_APPICON_NAME = AppIcon;
				INFOPLIST_FILE = TableViewDisplayableSample/Info.plist;
				LD_RUNPATH_SEARCH_PATHS = "$(inherited) @executable_path/Frameworks";
				PRODUCT_BUNDLE_IDENTIFIER = com.VicHudsonAppDeveloper.TableViewDisplayableSample;
				PRODUCT_NAME = "$(TARGET_NAME)";
			};
			name = Debug;
		};
		572179F71C8B2FCF00406ED1 /* Release */ = {
			isa = XCBuildConfiguration;
			buildSettings = {
				ASSETCATALOG_COMPILER_APPICON_NAME = AppIcon;
				INFOPLIST_FILE = TableViewDisplayableSample/Info.plist;
				LD_RUNPATH_SEARCH_PATHS = "$(inherited) @executable_path/Frameworks";
				PRODUCT_BUNDLE_IDENTIFIER = com.VicHudsonAppDeveloper.TableViewDisplayableSample;
				PRODUCT_NAME = "$(TARGET_NAME)";
			};
			name = Release;
		};
		572179F91C8B2FCF00406ED1 /* Debug */ = {
			isa = XCBuildConfiguration;
			buildSettings = {
				BUNDLE_LOADER = "$(TEST_HOST)";
				INFOPLIST_FILE = TableViewDisplayableSampleTests/Info.plist;
				LD_RUNPATH_SEARCH_PATHS = "$(inherited) @executable_path/Frameworks @loader_path/Frameworks";
				PRODUCT_BUNDLE_IDENTIFIER = com.VicHudsonAppDeveloper.TableViewDisplayableSampleTests;
				PRODUCT_NAME = "$(TARGET_NAME)";
				TEST_HOST = "$(BUILT_PRODUCTS_DIR)/TableViewDisplayableSample.app/TableViewDisplayableSample";
			};
			name = Debug;
		};
		572179FA1C8B2FCF00406ED1 /* Release */ = {
			isa = XCBuildConfiguration;
			buildSettings = {
				BUNDLE_LOADER = "$(TEST_HOST)";
				INFOPLIST_FILE = TableViewDisplayableSampleTests/Info.plist;
				LD_RUNPATH_SEARCH_PATHS = "$(inherited) @executable_path/Frameworks @loader_path/Frameworks";
				PRODUCT_BUNDLE_IDENTIFIER = com.VicHudsonAppDeveloper.TableViewDisplayableSampleTests;
				PRODUCT_NAME = "$(TARGET_NAME)";
				TEST_HOST = "$(BUILT_PRODUCTS_DIR)/TableViewDisplayableSample.app/TableViewDisplayableSample";
			};
			name = Release;
		};
		572179FC1C8B2FCF00406ED1 /* Debug */ = {
			isa = XCBuildConfiguration;
			buildSettings = {
				INFOPLIST_FILE = TableViewDisplayableSampleUITests/Info.plist;
				LD_RUNPATH_SEARCH_PATHS = "$(inherited) @executable_path/Frameworks @loader_path/Frameworks";
				PRODUCT_BUNDLE_IDENTIFIER = com.VicHudsonAppDeveloper.TableViewDisplayableSampleUITests;
				PRODUCT_NAME = "$(TARGET_NAME)";
				TEST_TARGET_NAME = TableViewDisplayableSample;
				USES_XCTRUNNER = YES;
			};
			name = Debug;
		};
		572179FD1C8B2FCF00406ED1 /* Release */ = {
			isa = XCBuildConfiguration;
			buildSettings = {
				INFOPLIST_FILE = TableViewDisplayableSampleUITests/Info.plist;
				LD_RUNPATH_SEARCH_PATHS = "$(inherited) @executable_path/Frameworks @loader_path/Frameworks";
				PRODUCT_BUNDLE_IDENTIFIER = com.VicHudsonAppDeveloper.TableViewDisplayableSampleUITests;
				PRODUCT_NAME = "$(TARGET_NAME)";
				TEST_TARGET_NAME = TableViewDisplayableSample;
				USES_XCTRUNNER = YES;
			};
			name = Release;
		};
/* End XCBuildConfiguration section */

/* Begin XCConfigurationList section */
		572179C61C8B2FCE00406ED1 /* Build configuration list for PBXProject "TableViewDisplayableSample" */ = {
			isa = XCConfigurationList;
			buildConfigurations = (
				572179F31C8B2FCF00406ED1 /* Debug */,
				572179F41C8B2FCF00406ED1 /* Release */,
			);
			defaultConfigurationIsVisible = 0;
			defaultConfigurationName = Release;
		};
		572179F51C8B2FCF00406ED1 /* Build configuration list for PBXNativeTarget "TableViewDisplayableSample" */ = {
			isa = XCConfigurationList;
			buildConfigurations = (
				572179F61C8B2FCF00406ED1 /* Debug */,
				572179F71C8B2FCF00406ED1 /* Release */,
			);
			defaultConfigurationIsVisible = 0;
		};
		572179F81C8B2FCF00406ED1 /* Build configuration list for PBXNativeTarget "TableViewDisplayableSampleTests" */ = {
			isa = XCConfigurationList;
			buildConfigurations = (
				572179F91C8B2FCF00406ED1 /* Debug */,
				572179FA1C8B2FCF00406ED1 /* Release */,
			);
			defaultConfigurationIsVisible = 0;
		};
		572179FB1C8B2FCF00406ED1 /* Build configuration list for PBXNativeTarget "TableViewDisplayableSampleUITests" */ = {
			isa = XCConfigurationList;
			buildConfigurations = (
				572179FC1C8B2FCF00406ED1 /* Debug */,
				572179FD1C8B2FCF00406ED1 /* Release */,
			);
			defaultConfigurationIsVisible = 0;
		};
/* End XCConfigurationList section */
	};
	rootObject = 572179C31C8B2FCE00406ED1 /* Project object */;
}
